
Microsoft Visual Studio Solution File, Format Version 12.00
Project("{FAE04EC0-301F-11D3-BF4B-00C04F79EFBC}") = "API", "API\API.csproj", "{194DE474-5710-4FF0-A6A4-F9CBDCE735CB}"
EndProject
Project("{FAE04EC0-301F-11D3-BF4B-00C04F79EFBC}") = "Infrastructure", "Infrastructure\Infrastructure.csproj", "{A8A48CEF-340D-4F4C-BCBB-539C707592F6}"
EndProject
Project("{FAE04EC0-301F-11D3-BF4B-00C04F79EFBC}") = "Domain", "Domain\Domain.csproj", "{FAB76244-5727-4A4F-8665-11BA0A86C53E}"
EndProject
Global
	GlobalSection(SolutionConfigurationPlatforms) = preSolution
		Debug|Any CPU = Debug|Any CPU
		Release|Any CPU = Release|Any CPU
	EndGlobalSection
	GlobalSection(ProjectConfigurationPlatforms) = postSolution
		{194DE474-5710-4FF0-A6A4-F9CBDCE735CB}.Debug|Any CPU.ActiveCfg = Debug|Any CPU
		{194DE474-5710-4FF0-A6A4-F9CBDCE735CB}.Debug|Any CPU.Build.0 = Debug|Any CPU
		{194DE474-5710-4FF0-A6A4-F9CBDCE735CB}.Release|Any CPU.ActiveCfg = Release|Any CPU
		{194DE474-5710-4FF0-A6A4-F9CBDCE735CB}.Release|Any CPU.Build.0 = Release|Any CPU
		{A8A48CEF-340D-4F4C-BCBB-539C707592F6}.Debug|Any CPU.ActiveCfg = Debug|Any CPU
		{A8A48CEF-340D-4F4C-BCBB-539C707592F6}.Debug|Any CPU.Build.0 = Debug|Any CPU
		{A8A48CEF-340D-4F4C-BCBB-539C707592F6}.Release|Any CPU.ActiveCfg = Release|Any CPU
		{A8A48CEF-340D-4F4C-BCBB-539C707592F6}.Release|Any CPU.Build.0 = Release|Any CPU
		{FAB76244-5727-4A4F-8665-11BA0A86C53E}.Debug|Any CPU.ActiveCfg = Debug|Any CPU
		{FAB76244-5727-4A4F-8665-11BA0A86C53E}.Debug|Any CPU.Build.0 = Debug|Any CPU
		{FAB76244-5727-4A4F-8665-11BA0A86C53E}.Release|Any CPU.ActiveCfg = Release|Any CPU
		{FAB76244-5727-4A4F-8665-11BA0A86C53E}.Release|Any CPU.Build.0 = Release|Any CPU
	EndGlobalSection
EndGlobal
